// !$*UTF8*$!
{
	archiveVersion = 1;
	classes = {
	};
	objectVersion = 46;
	objects = {

/* Begin PBXBuildFile section */
		770BE50D1A2C712D003E74A4 /* main.cpp in Sources */ = {isa = PBXBuildFile; fileRef = 770BE50C1A2C712D003E74A4 /* main.cpp */; };
/* End PBXBuildFile section */

/* Begin PBXCopyFilesBuildPhase section */
		770BE5071A2C712D003E74A4 /* CopyFiles */ = {
			isa = PBXCopyFilesBuildPhase;
			buildActionMask = 2147483647;
			dstPath = /usr/share/man/man1/;
			dstSubfolderSpec = 0;
			files = (
			);
			runOnlyForDeploymentPostprocessing = 1;
		};
/* End PBXCopyFilesBuildPhase section */

/* Begin PBXFileReference section */
		770BE5091A2C712D003E74A4 /* findneedleinhaystack */ = {isa = PBXFileReference; explicitFileType = "compiled.mach-o.executable"; includeInIndex = 0; path = findneedleinhaystack; sourceTree = BUILT_PRODUCTS_DIR; };
		770BE50C1A2C712D003E74A4 /* main.cpp */ = {isa = PBXFileReference; lastKnownFileType = sourcecode.cpp.cpp; path = main.cpp; sourceTree = "<group>"; };
/* End PBXFileReference section */

/* Begin PBXFrameworksBuildPhase section */
		770BE5061A2C712D003E74A4 /* Frameworks */ = {
			isa = PBXFrameworksBuildPhase;
			buildActionMask = 2147483647;
			files = (
			);
			runOnlyForDeploymentPostprocessing = 0;
		};
/* End PBXFrameworksBuildPhase section */

/* Begin PBXGroup section */
		770BE5001A2C712D003E74A4 = {
			isa = PBXGroup;
			children = (
				770BE50B1A2C712D003E74A4 /* findneedleinhaystack */,
				770BE50A1A2C712D003E74A4 /* Products */,
			);
			sourceTree = "<group>";
		};
		770BE50A1A2C712D003E74A4 /* Products */ = {
			isa = PBXGroup;
			children = (
				770BE5091A2C712D003E74A4 /* findneedleinhaystack */,
			);
			name = Products;
			sourceTree = "<group>";
		};
		770BE50B1A2C712D003E74A4 /* findneedleinhaystack */ = {
			isa = PBXGroup;
			children = (
				770BE50C1A2C712D003E74A4 /* main.cpp */,
			);
			path = findneedleinhaystack;
			sourceTree = "<group>";
		};
/* End PBXGroup section */

/* Begin PBXNativeTarget section */
		770BE5081A2C712D003E74A4 /* findneedleinhaystack */ = {
			isa = PBXNativeTarget;
			buildConfigurationList = 770BE5101A2C712D003E74A4 /* Build configuration list for PBXNativeTarget "findneedleinhaystack" */;
			buildPhases = (
				770BE5051A2C712D003E74A4 /* Sources */,
				770BE5061A2C712D003E74A4 /* Frameworks */,
				770BE5071A2C712D003E74A4 /* CopyFiles */,
			);
			buildRules = (
			);
			dependencies = (
			);
			name = findneedleinhaystack;
			productName = findneedleinhaystack;
			productReference = 770BE5091A2C712D003E74A4 /* findneedleinhaystack */;
			productType = "com.apple.product-type.tool";
		};
/* End PBXNativeTarget section */

/* Begin PBXProject section */
		770BE5011A2C712D003E74A4 /* Project object */ = {
			isa = PBXProject;
			attributes = {
				LastUpgradeCheck = 0610;
				ORGANIZATIONNAME = "Joseph Johnson";
				TargetAttributes = {
					770BE5081A2C712D003E74A4 = {
						CreatedOnToolsVersion = 6.1;
					};
				};
			};
			buildConfigurationList = 770BE5041A2C712D003E74A4 /* Build configuration list for PBXProject "findneedleinhaystack" */;
			compatibilityVersion = "Xcode 3.2";
			developmentRegion = English;
			hasScannedForEncodings = 0;
			knownRegions = (
				en,
			);
			mainGroup = 770BE5001A2C712D003E74A4;
			productRefGroup = 770BE50A1A2C712D003E74A4 /* Products */;
			projectDirPath = "";
			projectRoot = "";
			targets = (
				770BE5081A2C712D003E74A4 /* findneedleinhaystack */,
			);
		};
/* End PBXProject section */

/* Begin PBXSourcesBuildPhase section */
		770BE5051A2C712D003E74A4 /* Sources */ = {
			isa = PBXSourcesBuildPhase;
			buildActionMask = 2147483647;
			files = (
				770BE50D1A2C712D003E74A4 /* main.cpp in Sources */,
			);
			runOnlyForDeploymentPostprocessing = 0;
		};
/* End PBXSourcesBuildPhase section */

/* Begin XCBuildConfiguration section */
		770BE50E1A2C712D003E74A4 /* Debug */ = {
			isa = XCBuildConfiguration;
			buildSettings = {
				ALWAYS_SEARCH_USER_PATHS = NO;
				CLANG_CXX_LANGUAGE_STANDARD = "gnu++0x";
				CLANG_CXX_LIBRARY = "libc++";
				CLANG_ENABLE_MODULES = YES;
				CLANG_ENABLE_OBJC_ARC = YES;
				CLANG_WARN_BOOL_CONVERSION = YES;
				CLANG_WARN_CONSTANT_CONVERSION = YES;
				CLANG_WARN_DIRECT_OBJC_ISA_USAGE = YES_ERROR;
				CLANG_WARN_EMPTY_BODY = YES;
				CLANG_WARN_ENUM_CONVERSION = YES;
				CLANG_WARN_INT_CONVERSION = YES;
				CLANG_WARN_OBJC_ROOT_CLASS = YES_ERROR;
				CLANG_WARN_UNREACHABLE_CODE = YES;
				CLANG_WARN__DUPLICATE_METHOD_MATCH = YES;
				COPY_PHASE_STRIP = NO;
				ENABLE_STRICT_OBJC_MSGSEND = YES;
				GCC_C_LANGUAGE_STANDARD = gnu99;
				GCC_DYNAMIC_NO_PIC = NO;
				GCC_OPTIMIZATION_LEVEL = 0;
				GCC_PREPROCESSOR_DEFINITIONS = (
					"DEBUG=1",
					"$(inherited)",
				);
				GCC_SYMBOLS_PRIVATE_EXTERN = NO;
				GCC_WARN_64_TO_32_BIT_CONVERSION = YES;
				GCC_WARN_ABOUT_RETURN_TYPE = YES_ERROR;
				GCC_WARN_UNDECLARED_SELECTOR = YES;
				GCC_WARN_UNINITIALIZED_AUTOS = YES_AGGRESSIVE;
				GCC_WARN_UNUSED_FUNCTION = YES;
				GCC_WARN_UNUSED_VARIABLE = YES;
				MACOSX_DEPLOYMENT_TARGET = 10.9;
				MTL_ENABLE_DEBUG_INFO = YES;
				ONLY_ACTIVE_ARCH = YES;
				SDKROOT = macosx;
			};
			name = Debug;
		};
		770BE50F1A2C712D003E74A4 /* Release */ = {
			isa = XCBuildConfiguration;
			buildSettings = {
				ALWAYS_SEARCH_USER_PATHS = NO;
				CLANG_CXX_LANGUAGE_STANDARD = "gnu++0x";
				CLANG_CXX_LIBRARY = "libc++";
				CLANG_ENABLE_MODULES = YES;
				CLANG_ENABLE_OBJC_ARC = YES;
				CLANG_WARN_BOOL_CONVERSION = YES;
				CLANG_WARN_CONSTANT_CONVERSION = YES;
				CLANG_WARN_DIRECT_OBJC_ISA_USAGE = YES_ERROR;
				CLANG_WARN_EMPTY_BODY = YES;
				CLANG_WARN_ENUM_CONVERSION = YES;
				CLANG_WARN_INT_CONVERSION = YES;
				CLANG_WARN_OBJC_ROOT_CLASS = YES_ERROR;
				CLANG_WARN_UNREACHABLE_CODE = YES;
				CLANG_WARN__DUPLICATE_METHOD_MATCH = YES;
				COPY_PHASE_STRIP = YES;
				DEBUG_INFORMATION_FORMAT = "dwarf-with-dsym";
				ENABLE_NS_ASSERTIONS = NO;
				ENABLE_STRICT_OBJC_MSGSEND = YES;
				GCC_C_LANGUAGE_STANDARD = gnu99;
				GCC_WARN_64_TO_32_BIT_CONVERSION = YES;
				GCC_WARN_ABOUT_RETURN_TYPE = YES_ERROR;
				GCC_WARN_UNDECLARED_SELECTOR = YES;
				GCC_WARN_UNINITIALIZED_AUTOS = YES_AGGRESSIVE;
				GCC_WARN_UNUSED_FUNCTION = YES;
				GCC_WARN_UNUSED_VARIABLE = YES;
				MACOSX_DEPLOYMENT_TARGET = 10.9;
				MTL_ENABLE_DEBUG_INFO = NO;
				SDKROOT = macosx;
			};
			name = Release;
		};
		770BE5111A2C712D003E74A4 /* Debug */ = {
			isa = XCBuildConfiguration;
			buildSettings = {
				PRODUCT_NAME = "$(TARGET_NAME)";
			};
			name = Debug;
		};
		770BE5121A2C712D003E74A4 /* Release */ = {
			isa = XCBuildConfiguration;
			buildSettings = {
				PRODUCT_NAME = "$(TARGET_NAME)";
			};
			name = Release;
		};
/* End XCBuildConfiguration section */

/* Begin XCConfigurationList section */
		770BE5041A2C712D003E74A4 /* Build configuration list for PBXProject "findneedleinhaystack" */ = {
			isa = XCConfigurationList;
			buildConfigurations = (
				770BE50E1A2C712D003E74A4 /* Debug */,
				770BE50F1A2C712D003E74A4 /* Release */,
			);
			defaultConfigurationIsVisible = 0;
			defaultConfigurationName = Release;
		};
		770BE5101A2C712D003E74A4 /* Build configuration list for PBXNativeTarget "findneedleinhaystack" */ = {
			isa = XCConfigurationList;
			buildConfigurations = (
				770BE5111A2C712D003E74A4 /* Debug */,
				770BE5121A2C712D003E74A4 /* Release */,
			);
			defaultConfigurationIsVisible = 0;
		};
/* End XCConfigurationList section */
	};
	rootObject = 770BE5011A2C712D003E74A4 /* Project object */;
}
